// !$*UTF8*$!
{
	archiveVersion = 1;
	classes = {
	};
	objectVersion = 46;
	objects = {

/* Begin PBXBuildFile section */
		2663C17A1CCC1AA8000BDC7A /* water.png in Resources */ = {isa = PBXBuildFile; fileRef = 2663C1791CCC1AA8000BDC7A /* water.png */; };
		2663C17C1CCC24E4000BDC7A /* CoreLocation.framework in Frameworks */ = {isa = PBXBuildFile; fileRef = 2663C17B1CCC24E4000BDC7A /* CoreLocation.framework */; };
		2663C1801CCC309E000BDC7A /* ShowViewController.swift in Sources */ = {isa = PBXBuildFile; fileRef = 2663C17F1CCC309E000BDC7A /* ShowViewController.swift */; };
		26F46AD91CCC17ED009826CF /* AppDelegate.swift in Sources */ = {isa = PBXBuildFile; fileRef = 26F46AD81CCC17ED009826CF /* AppDelegate.swift */; };
		26F46ADB1CCC17ED009826CF /* ViewController.swift in Sources */ = {isa = PBXBuildFile; fileRef = 26F46ADA1CCC17ED009826CF /* ViewController.swift */; };
		26F46ADE1CCC17ED009826CF /* Main.storyboard in Resources */ = {isa = PBXBuildFile; fileRef = 26F46ADC1CCC17ED009826CF /* Main.storyboard */; };
		26F46AE01CCC17ED009826CF /* Assets.xcassets in Resources */ = {isa = PBXBuildFile; fileRef = 26F46ADF1CCC17ED009826CF /* Assets.xcassets */; };
		26F46AE31CCC17ED009826CF /* LaunchScreen.storyboard in Resources */ = {isa = PBXBuildFile; fileRef = 26F46AE11CCC17ED009826CF /* LaunchScreen.storyboard */; };
/* End PBXBuildFile section */

/* Begin PBXFileReference section */
		2663C1791CCC1AA8000BDC7A /* water.png */ = {isa = PBXFileReference; lastKnownFileType = image.png; path = water.png; sourceTree = "<group>"; };
		2663C17B1CCC24E4000BDC7A /* CoreLocation.framework */ = {isa = PBXFileReference; lastKnownFileType = wrapper.framework; name = CoreLocation.framework; path = System/Library/Frameworks/CoreLocation.framework; sourceTree = SDKROOT; };
		2663C17F1CCC309E000BDC7A /* ShowViewController.swift */ = {isa = PBXFileReference; fileEncoding = 4; lastKnownFileType = sourcecode.swift; path = ShowViewController.swift; sourceTree = "<group>"; };
		26F46AD51CCC17ED009826CF /* Yonder.app */ = {isa = PBXFileReference; explicitFileType = wrapper.application; includeInIndex = 0; path = Yonder.app; sourceTree = BUILT_PRODUCTS_DIR; };
		26F46AD81CCC17ED009826CF /* AppDelegate.swift */ = {isa = PBXFileReference; lastKnownFileType = sourcecode.swift; path = AppDelegate.swift; sourceTree = "<group>"; };
		26F46ADA1CCC17ED009826CF /* ViewController.swift */ = {isa = PBXFileReference; lastKnownFileType = sourcecode.swift; path = ViewController.swift; sourceTree = "<group>"; };
		26F46ADD1CCC17ED009826CF /* Base */ = {isa = PBXFileReference; lastKnownFileType = file.storyboard; name = Base; path = Base.lproj/Main.storyboard; sourceTree = "<group>"; };
		26F46ADF1CCC17ED009826CF /* Assets.xcassets */ = {isa = PBXFileReference; lastKnownFileType = folder.assetcatalog; path = Assets.xcassets; sourceTree = "<group>"; };
		26F46AE21CCC17ED009826CF /* Base */ = {isa = PBXFileReference; lastKnownFileType = file.storyboard; name = Base; path = Base.lproj/LaunchScreen.storyboard; sourceTree = "<group>"; };
		26F46AE41CCC17ED009826CF /* Info.plist */ = {isa = PBXFileReference; lastKnownFileType = text.plist.xml; path = Info.plist; sourceTree = "<group>"; };
/* End PBXFileReference section */

/* Begin PBXFrameworksBuildPhase section */
		26F46AD21CCC17ED009826CF /* Frameworks */ = {
			isa = PBXFrameworksBuildPhase;
			buildActionMask = 2147483647;
			files = (
				2663C17C1CCC24E4000BDC7A /* CoreLocation.framework in Frameworks */,
			);
			runOnlyForDeploymentPostprocessing = 0;
		};
/* End PBXFrameworksBuildPhase section */

/* Begin PBXGroup section */
		26F46ACC1CCC17ED009826CF = {
			isa = PBXGroup;
			children = (
				2663C17B1CCC24E4000BDC7A /* CoreLocation.framework */,
				26F46AD71CCC17ED009826CF /* Yonder */,
				26F46AD61CCC17ED009826CF /* Products */,
			);
			sourceTree = "<group>";
		};
		26F46AD61CCC17ED009826CF /* Products */ = {
			isa = PBXGroup;
			children = (
				26F46AD51CCC17ED009826CF /* Yonder.app */,
			);
			name = Products;
			sourceTree = "<group>";
		};
		26F46AD71CCC17ED009826CF /* Yonder */ = {
			isa = PBXGroup;
			children = (
				26F46AD81CCC17ED009826CF /* AppDelegate.swift */,
				26F46ADA1CCC17ED009826CF /* ViewController.swift */,
				2663C17F1CCC309E000BDC7A /* ShowViewController.swift */,
				26F46ADC1CCC17ED009826CF /* Main.storyboard */,
				26F46ADF1CCC17ED009826CF /* Assets.xcassets */,
				26F46AE11CCC17ED009826CF /* LaunchScreen.storyboard */,
				2663C1791CCC1AA8000BDC7A /* water.png */,
				26F46AE41CCC17ED009826CF /* Info.plist */,
			);
			path = Yonder;
			sourceTree = "<group>";
		};
/* End PBXGroup section */

/* Begin PBXNativeTarget section */
		26F46AD41CCC17ED009826CF /* Yonder */ = {
			isa = PBXNativeTarget;
			buildConfigurationList = 26F46AE71CCC17ED009826CF /* Build configuration list for PBXNativeTarget "Yonder" */;
			buildPhases = (
				26F46AD11CCC17ED009826CF /* Sources */,
				26F46AD21CCC17ED009826CF /* Frameworks */,
				26F46AD31CCC17ED009826CF /* Resources */,
			);
			buildRules = (
			);
			dependencies = (
			);
			name = Yonder;
			productName = Yonder;
			productReference = 26F46AD51CCC17ED009826CF /* Yonder.app */;
			productType = "com.apple.product-type.application";
		};
/* End PBXNativeTarget section */

/* Begin PBXProject section */
		26F46ACD1CCC17ED009826CF /* Project object */ = {
			isa = PBXProject;
			attributes = {
				LastSwiftUpdateCheck = 0730;
				LastUpgradeCheck = 0730;
				ORGANIZATIONNAME = "Miguel Melendez";
				TargetAttributes = {
					26F46AD41CCC17ED009826CF = {
						CreatedOnToolsVersion = 7.3;
						DevelopmentTeam = 6MNZPDBHKE;
					};
				};
			};
			buildConfigurationList = 26F46AD01CCC17ED009826CF /* Build configuration list for PBXProject "Yonder" */;
			compatibilityVersion = "Xcode 3.2";
			developmentRegion = English;
			hasScannedForEncodings = 0;
			knownRegions = (
				en,
				Base,
			);
			mainGroup = 26F46ACC1CCC17ED009826CF;
			productRefGroup = 26F46AD61CCC17ED009826CF /* Products */;
			projectDirPath = "";
			projectRoot = "";
			targets = (
				26F46AD41CCC17ED009826CF /* Yonder */,
			);
		};
/* End PBXProject section */

/* Begin PBXResourcesBuildPhase section */
		26F46AD31CCC17ED009826CF /* Resources */ = {
			isa = PBXResourcesBuildPhase;
			buildActionMask = 2147483647;
			files = (
				2663C17A1CCC1AA8000BDC7A /* water.png in Resources */,
				26F46AE31CCC17ED009826CF /* LaunchScreen.storyboard in Resources */,
				26F46AE01CCC17ED009826CF /* Assets.xcassets in Resources */,
				26F46ADE1CCC17ED009826CF /* Main.storyboard in Resources */,
			);
			runOnlyForDeploymentPostprocessing = 0;
		};
/* End PBXResourcesBuildPhase section */

/* Begin PBXSourcesBuildPhase section */
		26F46AD11CCC17ED009826CF /* Sources */ = {
			isa = PBXSourcesBuildPhase;
			buildActionMask = 2147483647;
			files = (
				26F46ADB1CCC17ED009826CF /* ViewController.swift in Sources */,
				26F46AD91CCC17ED009826CF /* AppDelegate.swift in Sources */,
				2663C1801CCC309E000BDC7A /* ShowViewController.swift in Sources */,
			);
			runOnlyForDeploymentPostprocessing = 0;
		};
/* End PBXSourcesBuildPhase section */

/* Begin PBXVariantGroup section */
		26F46ADC1CCC17ED009826CF /* Main.storyboard */ = {
			isa = PBXVariantGroup;
			children = (
				26F46ADD1CCC17ED009826CF /* Base */,
			);
			name = Main.storyboard;
			sourceTree = "<group>";
		};
		26F46AE11CCC17ED009826CF /* LaunchScreen.storyboard */ = {
			isa = PBXVariantGroup;
			children = (
				26F46AE21CCC17ED009826CF /* Base */,
			);
			name = LaunchScreen.storyboard;
			sourceTree = "<group>";
		};
/* End PBXVariantGroup section */

/* Begin XCBuildConfiguration section */
		26F46AE51CCC17ED009826CF /* Debug */ = {
			isa = XCBuildConfiguration;
			buildSettings = {
				ALWAYS_SEARCH_USER_PATHS = NO;
				CLANG_ANALYZER_NONNULL = YES;
				CLANG_CXX_LANGUAGE_STANDARD = "gnu++0x";
				CLANG_CXX_LIBRARY = "libc++";
				CLANG_ENABLE_MODULES = YES;
				CLANG_ENABLE_OBJC_ARC = YES;
				CLANG_WARN_BOOL_CONVERSION = YES;
				CLANG_WARN_CONSTANT_CONVERSION = YES;
				CLANG_WARN_DIRECT_OBJC_ISA_USAGE = YES_ERROR;
				CLANG_WARN_EMPTY_BODY = YES;
				CLANG_WARN_ENUM_CONVERSION = YES;
				CLANG_WARN_INT_CONVERSION = YES;
				CLANG_WARN_OBJC_ROOT_CLASS = YES_ERROR;
				CLANG_WARN_UNREACHABLE_CODE = YES;
				CLANG_WARN__DUPLICATE_METHOD_MATCH = YES;
				"CODE_SIGN_IDENTITY[sdk=iphoneos*]" = "iPhone Developer";
				COPY_PHASE_STRIP = NO;
				DEBUG_INFORMATION_FORMAT = dwarf;
				ENABLE_STRICT_OBJC_MSGSEND = YES;
				ENABLE_TESTABILITY = YES;
				GCC_C_LANGUAGE_STANDARD = gnu99;
				GCC_DYNAMIC_NO_PIC = NO;
				GCC_NO_COMMON_BLOCKS = YES;
				GCC_OPTIMIZATION_LEVEL = 0;
				GCC_PREPROCESSOR_DEFINITIONS = (
					"DEBUG=1",
					"$(inherited)",
				);
				GCC_WARN_64_TO_32_BIT_CONVERSION = YES;
				GCC_WARN_ABOUT_RETURN_TYPE = YES_ERROR;
				GCC_WARN_UNDECLARED_SELECTOR = YES;
				GCC_WARN_UNINITIALIZED_AUTOS = YES_AGGRESSIVE;
				GCC_WARN_UNUSED_FUNCTION = YES;
				GCC_WARN_UNUSED_VARIABLE = YES;
				IPHONEOS_DEPLOYMENT_TARGET = 9.3;
				MTL_ENABLE_DEBUG_INFO = YES;
				ONLY_ACTIVE_ARCH = YES;
				SDKROOT = iphoneos;
				SWIFT_OPTIMIZATION_LEVEL = "-Onone";
				TARGETED_DEVICE_FAMILY = "1,2";
			};
			name = Debug;
		};
		26F46AE61CCC17ED009826CF /* Release */ = {
			isa = XCBuildConfiguration;
			buildSettings = {
				ALWAYS_SEARCH_USER_PATHS = NO;
				CLANG_ANALYZER_NONNULL = YES;
				CLANG_CXX_LANGUAGE_STANDARD = "gnu++0x";
				CLANG_CXX_LIBRARY = "libc++";
				CLANG_ENABLE_MODULES = YES;
				CLANG_ENABLE_OBJC_ARC = YES;
				CLANG_WARN_BOOL_CONVERSION = YES;
				CLANG_WARN_CONSTANT_CONVERSION = YES;
				CLANG_WARN_DIRECT_OBJC_ISA_USAGE = YES_ERROR;
				CLANG_WARN_EMPTY_BODY = YES;
				CLANG_WARN_ENUM_CONVERSION = YES;
				CLANG_WARN_INT_CONVERSION = YES;
				CLANG_WARN_OBJC_ROOT_CLASS = YES_ERROR;
				CLANG_WARN_UNREACHABLE_CODE = YES;
				CLANG_WARN__DUPLICATE_METHOD_MATCH = YES;
				"CODE_SIGN_IDENTITY[sdk=iphoneos*]" = "iPhone Developer";
				COPY_PHASE_STRIP = NO;
				DEBUG_INFORMATION_FORMAT = "dwarf-with-dsym";
				ENABLE_NS_ASSERTIONS = NO;
				ENABLE_STRICT_OBJC_MSGSEND = YES;
				GCC_C_LANGUAGE_STANDARD = gnu99;
				GCC_NO_COMMON_BLOCKS = YES;
				GCC_WARN_64_TO_32_BIT_CONVERSION = YES;
				GCC_WARN_ABOUT_RETURN_TYPE = YES_ERROR;
				GCC_WARN_UNDECLARED_SELECTOR = YES;
				GCC_WARN_UNINITIALIZED_AUTOS = YES_AGGRESSIVE;
				GCC_WARN_UNUSED_FUNCTION = YES;
				GCC_WARN_UNUSED_VARIABLE = YES;
				IPHONEOS_DEPLOYMENT_TARGET = 9.3;
				MTL_ENABLE_DEBUG_INFO = NO;
				SDKROOT = iphoneos;
				TARGETED_DEVICE_FAMILY = "1,2";
				VALIDATE_PRODUCT = YES;
			};
			name = Release;
		};
		26F46AE81CCC17ED009826CF /* Debug */ = {
			isa = XCBuildConfiguration;
			buildSettings = {
				ASSETCATALOG_COMPILER_APPICON_NAME = AppIcon;
				INFOPLIST_FILE = Yonder/Info.plist;
				LD_RUNPATH_SEARCH_PATHS = "$(inherited) @executable_path/Frameworks";
				PRODUCT_BUNDLE_IDENTIFIER = miguelmelendezcalero.Yonder;
				PRODUCT_NAME = "$(TARGET_NAME)";
			};
			name = Debug;
		};
		26F46AE91CCC17ED009826CF /* Release */ = {
			isa = XCBuildConfiguration;
			buildSettings = {
				ASSETCATALOG_COMPILER_APPICON_NAME = AppIcon;
				INFOPLIST_FILE = Yonder/Info.plist;
				LD_RUNPATH_SEARCH_PATHS = "$(inherited) @executable_path/Frameworks";
				PRODUCT_BUNDLE_IDENTIFIER = miguelmelendezcalero.Yonder;
				PRODUCT_NAME = "$(TARGET_NAME)";
			};
			name = Release;
		};
/* End XCBuildConfiguration section */

/* Begin XCConfigurationList section */
		26F46AD01CCC17ED009826CF /* Build configuration list for PBXProject "Yonder" */ = {
			isa = XCConfigurationList;
			buildConfigurations = (
				26F46AE51CCC17ED009826CF /* Debug */,
				26F46AE61CCC17ED009826CF /* Release */,
			);
			defaultConfigurationIsVisible = 0;
			defaultConfigurationName = Release;
		};
		26F46AE71CCC17ED009826CF /* Build configuration list for PBXNativeTarget "Yonder" */ = {
			isa = XCConfigurationList;
			buildConfigurations = (
				26F46AE81CCC17ED009826CF /* Debug */,
				26F46AE91CCC17ED009826CF /* Release */,
			);
			defaultConfigurationIsVisible = 0;
			defaultConfigurationName = Release;
		};
/* End XCConfigurationList section */
	};
	rootObject = 26F46ACD1CCC17ED009826CF /* Project object */;
}
